
Microsoft Visual Studio Solution File, Format Version 12.00
# Visual Studio Version 17
VisualStudioVersion = 17.5.002.0
MinimumVisualStudioVersion = 10.0.40219.1
Project("{9A19103F-16F7-4668-BE54-9A1E7A4F7556}") = "tl1-tp6-2024-Olme2", "tl1-tp6-2024-Olme2.csproj", "{4C493269-5969-4E40-97E6-39FE3877B299}"
EndProject
Global
	GlobalSection(SolutionConfigurationPlatforms) = preSolution
		Debug|Any CPU = Debug|Any CPU
		Release|Any CPU = Release|Any CPU
	EndGlobalSection
	GlobalSection(ProjectConfigurationPlatforms) = postSolution
		{4C493269-5969-4E40-97E6-39FE3877B299}.Debug|Any CPU.ActiveCfg = Debug|Any CPU
		{4C493269-5969-4E40-97E6-39FE3877B299}.Debug|Any CPU.Build.0 = Debug|Any CPU
		{4C493269-5969-4E40-97E6-39FE3877B299}.Release|Any CPU.ActiveCfg = Release|Any CPU
		{4C493269-5969-4E40-97E6-39FE3877B299}.Release|Any CPU.Build.0 = Release|Any CPU
	EndGlobalSection
	GlobalSection(SolutionProperties) = preSolution
		HideSolutionNode = FALSE
	EndGlobalSection
	GlobalSection(ExtensibilityGlobals) = postSolution
		SolutionGuid = {E6A9D99C-100A-4218-A473-D0CF8E12A009}
	EndGlobalSection
EndGlobal
